
Microsoft Visual Studio Solution File, Format Version 12.00
# Visual Studio 2015
Project("{FAE04EC0-301F-11D3-BF4B-00C04F79EFBC}") = "SquareTurn.CSharp.Plugins", "SquareTurn.CSharp.Plugins.csproj", "{D4D18D09-B0F4-BC6F-7E7A-47D69CE8CB63}"
EndProject
Project("{FAE04EC0-301F-11D3-BF4B-00C04F79EFBC}") = "SquareTurn.CSharp", "SquareTurn.CSharp.csproj", "{7C0FDB26-A61B-3794-256B-A2DF0B54B547}"
EndProject
Project("{FAE04EC0-301F-11D3-BF4B-00C04F79EFBC}") = "SquareTurn.CSharp.Editor.Plugins", "SquareTurn.CSharp.Editor.Plugins.csproj", "{4BFAC911-994D-5E95-5F15-944E15ED2F57}"
EndProject
Project("{FAE04EC0-301F-11D3-BF4B-00C04F79EFBC}") = "SquareTurn.CSharp.Editor", "SquareTurn.CSharp.Editor.csproj", "{2D8AF7F5-C843-47E3-DE82-1BC21840FBD3}"
EndProject
Global
	GlobalSection(SolutionConfigurationPlatforms) = preSolution
		Debug|Any CPU = Debug|Any CPU
		Release|Any CPU = Release|Any CPU
	EndGlobalSection
	GlobalSection(ProjectConfigurationPlatforms) = postSolution
		{D4D18D09-B0F4-BC6F-7E7A-47D69CE8CB63}.Debug|Any CPU.ActiveCfg = Debug|Any CPU
		{D4D18D09-B0F4-BC6F-7E7A-47D69CE8CB63}.Debug|Any CPU.Build.0 = Debug|Any CPU
		{D4D18D09-B0F4-BC6F-7E7A-47D69CE8CB63}.Release|Any CPU.ActiveCfg = Release|Any CPU
		{D4D18D09-B0F4-BC6F-7E7A-47D69CE8CB63}.Release|Any CPU.Build.0 = Release|Any CPU
		{7C0FDB26-A61B-3794-256B-A2DF0B54B547}.Debug|Any CPU.ActiveCfg = Debug|Any CPU
		{7C0FDB26-A61B-3794-256B-A2DF0B54B547}.Debug|Any CPU.Build.0 = Debug|Any CPU
		{7C0FDB26-A61B-3794-256B-A2DF0B54B547}.Release|Any CPU.ActiveCfg = Release|Any CPU
		{7C0FDB26-A61B-3794-256B-A2DF0B54B547}.Release|Any CPU.Build.0 = Release|Any CPU
		{4BFAC911-994D-5E95-5F15-944E15ED2F57}.Debug|Any CPU.ActiveCfg = Debug|Any CPU
		{4BFAC911-994D-5E95-5F15-944E15ED2F57}.Debug|Any CPU.Build.0 = Debug|Any CPU
		{4BFAC911-994D-5E95-5F15-944E15ED2F57}.Release|Any CPU.ActiveCfg = Release|Any CPU
		{4BFAC911-994D-5E95-5F15-944E15ED2F57}.Release|Any CPU.Build.0 = Release|Any CPU
		{2D8AF7F5-C843-47E3-DE82-1BC21840FBD3}.Debug|Any CPU.ActiveCfg = Debug|Any CPU
		{2D8AF7F5-C843-47E3-DE82-1BC21840FBD3}.Debug|Any CPU.Build.0 = Debug|Any CPU
		{2D8AF7F5-C843-47E3-DE82-1BC21840FBD3}.Release|Any CPU.ActiveCfg = Release|Any CPU
		{2D8AF7F5-C843-47E3-DE82-1BC21840FBD3}.Release|Any CPU.Build.0 = Release|Any CPU
	EndGlobalSection
	GlobalSection(SolutionProperties) = preSolution
		HideSolutionNode = FALSE
	EndGlobalSection
EndGlobal
